
Microsoft Visual Studio Solution File, Format Version 11.00
# Visual Studio 2010
Project("{FAE04EC0-301F-11D3-BF4B-00C04F79EFBC}") = "CollidingGalaxies", "Assembly-CSharp.csproj", "{06276C87-AD5F-05DB-815C-2761B2B99128}"
EndProject
Project("{FAE04EC0-301F-11D3-BF4B-00C04F79EFBC}") = "CollidingGalaxies", "Assembly-CSharp-Editor.csproj", "{338D0B4D-BAB8-12CA-A961-EFF121D3D27C}"
EndProject
Global
	GlobalSection(SolutionConfigurationPlatforms) = preSolution
		Debug|Any CPU = Debug|Any CPU
		Release|Any CPU = Release|Any CPU
	EndGlobalSection
	GlobalSection(ProjectConfigurationPlatforms) = postSolution
		{06276C87-AD5F-05DB-815C-2761B2B99128}.Debug|Any CPU.ActiveCfg = Debug|Any CPU
		{06276C87-AD5F-05DB-815C-2761B2B99128}.Debug|Any CPU.Build.0 = Debug|Any CPU
		{06276C87-AD5F-05DB-815C-2761B2B99128}.Release|Any CPU.ActiveCfg = Release|Any CPU
		{06276C87-AD5F-05DB-815C-2761B2B99128}.Release|Any CPU.Build.0 = Release|Any CPU
		{338D0B4D-BAB8-12CA-A961-EFF121D3D27C}.Debug|Any CPU.ActiveCfg = Debug|Any CPU
		{338D0B4D-BAB8-12CA-A961-EFF121D3D27C}.Debug|Any CPU.Build.0 = Debug|Any CPU
		{338D0B4D-BAB8-12CA-A961-EFF121D3D27C}.Release|Any CPU.ActiveCfg = Release|Any CPU
		{338D0B4D-BAB8-12CA-A961-EFF121D3D27C}.Release|Any CPU.Build.0 = Release|Any CPU
	EndGlobalSection
	GlobalSection(SolutionProperties) = preSolution
		HideSolutionNode = FALSE
	EndGlobalSection
	GlobalSection(MonoDevelopProperties) = preSolution
		StartupItem = Assembly-CSharp.csproj
	EndGlobalSection
EndGlobal
